
Microsoft Visual Studio Solution File, Format Version 12.00
# Visual Studio Version 17
VisualStudioVersion = 17.8.34601.278
MinimumVisualStudioVersion = 10.0.40219.1
Project("{FAE04EC0-301F-11D3-BF4B-00C04F79EFBC}") = "ProgOOP_Midterm_Part2_JuanHernandez", "ProgOOP_Midterm_Part2_JuanHernandez.csproj", "{DF7C44DB-9780-4E5F-BA1F-7AD47A7443E3}"
EndProject
Global
	GlobalSection(SolutionConfigurationPlatforms) = preSolution
		Debug|Any CPU = Debug|Any CPU
		Release|Any CPU = Release|Any CPU
	EndGlobalSection
	GlobalSection(ProjectConfigurationPlatforms) = postSolution
		{DF7C44DB-9780-4E5F-BA1F-7AD47A7443E3}.Debug|Any CPU.ActiveCfg = Debug|Any CPU
		{DF7C44DB-9780-4E5F-BA1F-7AD47A7443E3}.Debug|Any CPU.Build.0 = Debug|Any CPU
		{DF7C44DB-9780-4E5F-BA1F-7AD47A7443E3}.Release|Any CPU.ActiveCfg = Release|Any CPU
		{DF7C44DB-9780-4E5F-BA1F-7AD47A7443E3}.Release|Any CPU.Build.0 = Release|Any CPU
	EndGlobalSection
	GlobalSection(SolutionProperties) = preSolution
		HideSolutionNode = FALSE
	EndGlobalSection
	GlobalSection(ExtensibilityGlobals) = postSolution
		SolutionGuid = {A3BD5E3F-9671-40D2-898D-F6690E0FCF00}
	EndGlobalSection
EndGlobal
